
Microsoft Visual Studio Solution File, Format Version 12.00
# Visual Studio Version 17
VisualStudioVersion = 17.11.35312.102
MinimumVisualStudioVersion = 10.0.40219.1
Project("{FAE04EC0-301F-11D3-BF4B-00C04F79EFBC}") = "Calculator", "Calculator\Calculator.csproj", "{7294CA8F-6823-4684-89DC-C2C8E1678899}"
EndProject
Global
	GlobalSection(SolutionConfigurationPlatforms) = preSolution
		Debug|Any CPU = Debug|Any CPU
		Release|Any CPU = Release|Any CPU
	EndGlobalSection
	GlobalSection(ProjectConfigurationPlatforms) = postSolution
		{7294CA8F-6823-4684-89DC-C2C8E1678899}.Debug|Any CPU.ActiveCfg = Debug|Any CPU
		{7294CA8F-6823-4684-89DC-C2C8E1678899}.Debug|Any CPU.Build.0 = Debug|Any CPU
		{7294CA8F-6823-4684-89DC-C2C8E1678899}.Release|Any CPU.ActiveCfg = Release|Any CPU
		{7294CA8F-6823-4684-89DC-C2C8E1678899}.Release|Any CPU.Build.0 = Release|Any CPU
	EndGlobalSection
	GlobalSection(SolutionProperties) = preSolution
		HideSolutionNode = FALSE
	EndGlobalSection
	GlobalSection(ExtensibilityGlobals) = postSolution
		SolutionGuid = {36CF54CA-DE1E-4210-8D65-251AC45D0361}
	EndGlobalSection
EndGlobal
